// !$*UTF8*$!
{
	archiveVersion = 1;
	classes = {
	};
	objectVersion = 55;
	objects = {

/* Begin PBXBuildFile section */
		222DD4E9283A4DA90035C108 /* AppDelegate.swift in Sources */ = {isa = PBXBuildFile; fileRef = 222DD4E8283A4DA90035C108 /* AppDelegate.swift */; };
		222DD4EB283A4DA90035C108 /* SceneDelegate.swift in Sources */ = {isa = PBXBuildFile; fileRef = 222DD4EA283A4DA90035C108 /* SceneDelegate.swift */; };
		222DD4F2283A4DAA0035C108 /* Assets.xcassets in Resources */ = {isa = PBXBuildFile; fileRef = 222DD4F1283A4DAA0035C108 /* Assets.xcassets */; };
		222DD503283A4E7A0035C108 /* FavouriteViewController.swift in Sources */ = {isa = PBXBuildFile; fileRef = 222DD4FD283A4E7A0035C108 /* FavouriteViewController.swift */; };
		222DD505283A4E7A0035C108 /* HomeViewController.swift in Sources */ = {isa = PBXBuildFile; fileRef = 222DD4FF283A4E7A0035C108 /* HomeViewController.swift */; };
		222DD506283A4E7A0035C108 /* SearchViewController.swift in Sources */ = {isa = PBXBuildFile; fileRef = 222DD500283A4E7A0035C108 /* SearchViewController.swift */; };
		222DD50C283A55A40035C108 /* TabBarViewController.swift in Sources */ = {isa = PBXBuildFile; fileRef = 222DD50B283A55A40035C108 /* TabBarViewController.swift */; };
		224E9E3028509E5300C22DD5 /* CollectionViewTableViewCell.swift in Sources */ = {isa = PBXBuildFile; fileRef = 224E9E2F28509E5300C22DD5 /* CollectionViewTableViewCell.swift */; };
		227BC16328699B5300EE5948 /* MenuViewController.swift in Sources */ = {isa = PBXBuildFile; fileRef = 227BC16228699B5300EE5948 /* MenuViewController.swift */; };
		22A8E510289D01B400E67E91 /* ImageCollectionViewCell.swift in Sources */ = {isa = PBXBuildFile; fileRef = 22A8E50F289D01B400E67E91 /* ImageCollectionViewCell.swift */; };
		22A8E515289D1F0100E67E91 /* InfoViewController.swift in Sources */ = {isa = PBXBuildFile; fileRef = 22A8E514289D1F0000E67E91 /* InfoViewController.swift */; };
		3F851B71B673ED8A3A67E539 /* Pods_myStore.framework in Frameworks */ = {isa = PBXBuildFile; fileRef = C02D5FEED019E983276FE75D /* Pods_myStore.framework */; };
/* End PBXBuildFile section */

/* Begin PBXFileReference section */
		222DD4E5283A4DA90035C108 /* myStore.app */ = {isa = PBXFileReference; explicitFileType = wrapper.application; includeInIndex = 0; path = myStore.app; sourceTree = BUILT_PRODUCTS_DIR; };
		222DD4E8283A4DA90035C108 /* AppDelegate.swift */ = {isa = PBXFileReference; lastKnownFileType = sourcecode.swift; path = AppDelegate.swift; sourceTree = "<group>"; };
		222DD4EA283A4DA90035C108 /* SceneDelegate.swift */ = {isa = PBXFileReference; lastKnownFileType = sourcecode.swift; path = SceneDelegate.swift; sourceTree = "<group>"; };
		222DD4F1283A4DAA0035C108 /* Assets.xcassets */ = {isa = PBXFileReference; lastKnownFileType = folder.assetcatalog; path = Assets.xcassets; sourceTree = "<group>"; };
		222DD4F6283A4DAA0035C108 /* Info.plist */ = {isa = PBXFileReference; lastKnownFileType = text.plist.xml; path = Info.plist; sourceTree = "<group>"; };
		222DD4FD283A4E7A0035C108 /* FavouriteViewController.swift */ = {isa = PBXFileReference; fileEncoding = 4; lastKnownFileType = sourcecode.swift; path = FavouriteViewController.swift; sourceTree = "<group>"; };
		222DD4FF283A4E7A0035C108 /* HomeViewController.swift */ = {isa = PBXFileReference; fileEncoding = 4; lastKnownFileType = sourcecode.swift; path = HomeViewController.swift; sourceTree = "<group>"; };
		222DD500283A4E7A0035C108 /* SearchViewController.swift */ = {isa = PBXFileReference; fileEncoding = 4; lastKnownFileType = sourcecode.swift; path = SearchViewController.swift; sourceTree = "<group>"; };
		222DD50B283A55A40035C108 /* TabBarViewController.swift */ = {isa = PBXFileReference; lastKnownFileType = sourcecode.swift; path = TabBarViewController.swift; sourceTree = "<group>"; };
		224E9E2F28509E5300C22DD5 /* CollectionViewTableViewCell.swift */ = {isa = PBXFileReference; lastKnownFileType = sourcecode.swift; path = CollectionViewTableViewCell.swift; sourceTree = "<group>"; };
		227BC16228699B5300EE5948 /* MenuViewController.swift */ = {isa = PBXFileReference; lastKnownFileType = sourcecode.swift; path = MenuViewController.swift; sourceTree = "<group>"; };
		22A8E50F289D01B400E67E91 /* ImageCollectionViewCell.swift */ = {isa = PBXFileReference; lastKnownFileType = sourcecode.swift; path = ImageCollectionViewCell.swift; sourceTree = "<group>"; };
		22A8E514289D1F0000E67E91 /* InfoViewController.swift */ = {isa = PBXFileReference; lastKnownFileType = sourcecode.swift; path = InfoViewController.swift; sourceTree = "<group>"; };
		22A90DB42881745B002986A6 /* data.json */ = {isa = PBXFileReference; lastKnownFileType = text.json; path = data.json; sourceTree = "<group>"; };
		6A67BFC9578DFFFAC169B9B7 /* Pods-myStore.debug.xcconfig */ = {isa = PBXFileReference; includeInIndex = 1; lastKnownFileType = text.xcconfig; name = "Pods-myStore.debug.xcconfig"; path = "Target Support Files/Pods-myStore/Pods-myStore.debug.xcconfig"; sourceTree = "<group>"; };
		C02D5FEED019E983276FE75D /* Pods_myStore.framework */ = {isa = PBXFileReference; explicitFileType = wrapper.framework; includeInIndex = 0; path = Pods_myStore.framework; sourceTree = BUILT_PRODUCTS_DIR; };
		CDE7B2D538C2514F1F60C77D /* Pods-myStore.release.xcconfig */ = {isa = PBXFileReference; includeInIndex = 1; lastKnownFileType = text.xcconfig; name = "Pods-myStore.release.xcconfig"; path = "Target Support Files/Pods-myStore/Pods-myStore.release.xcconfig"; sourceTree = "<group>"; };
/* End PBXFileReference section */

/* Begin PBXFrameworksBuildPhase section */
		222DD4E2283A4DA90035C108 /* Frameworks */ = {
			isa = PBXFrameworksBuildPhase;
			buildActionMask = 2147483647;
			files = (
				3F851B71B673ED8A3A67E539 /* Pods_myStore.framework in Frameworks */,
			);
			runOnlyForDeploymentPostprocessing = 0;
		};
/* End PBXFrameworksBuildPhase section */

/* Begin PBXGroup section */
		222DD4DC283A4DA90035C108 = {
			isa = PBXGroup;
			children = (
				222DD4E7283A4DA90035C108 /* myStore */,
				222DD4E6283A4DA90035C108 /* Products */,
				EB008E930DF91EF015352F01 /* Pods */,
				9E6ADC17B69BCE2CF6C307E2 /* Frameworks */,
			);
			sourceTree = "<group>";
		};
		222DD4E6283A4DA90035C108 /* Products */ = {
			isa = PBXGroup;
			children = (
				222DD4E5283A4DA90035C108 /* myStore.app */,
			);
			name = Products;
			sourceTree = "<group>";
		};
		222DD4E7283A4DA90035C108 /* myStore */ = {
			isa = PBXGroup;
			children = (
				222DD508283A4E8F0035C108 /* Controlers */,
				224E9E2C284F55E800C22DD5 /* cells */,
				222DD50D283B53D70035C108 /* Managers */,
				222DD4E8283A4DA90035C108 /* AppDelegate.swift */,
				222DD4EA283A4DA90035C108 /* SceneDelegate.swift */,
				222DD4F1283A4DAA0035C108 /* Assets.xcassets */,
				222DD4F6283A4DAA0035C108 /* Info.plist */,
				22A90DB42881745B002986A6 /* data.json */,
			);
			path = myStore;
			sourceTree = "<group>";
		};
		222DD508283A4E8F0035C108 /* Controlers */ = {
			isa = PBXGroup;
			children = (
				22A8E513289D1EC500E67E91 /* General */,
				22A8E512289D1EB200E67E91 /* Core */,
			);
			path = Controlers;
			sourceTree = "<group>";
		};
		222DD50D283B53D70035C108 /* Managers */ = {
			isa = PBXGroup;
			children = (
			);
			path = Managers;
			sourceTree = "<group>";
		};
		224E9E2C284F55E800C22DD5 /* cells */ = {
			isa = PBXGroup;
			children = (
				224E9E2F28509E5300C22DD5 /* CollectionViewTableViewCell.swift */,
				22A8E511289D01CA00E67E91 /* VIews */,
			);
			path = cells;
			sourceTree = "<group>";
		};
		22A8E511289D01CA00E67E91 /* VIews */ = {
			isa = PBXGroup;
			children = (
				22A8E50F289D01B400E67E91 /* ImageCollectionViewCell.swift */,
			);
			path = VIews;
			sourceTree = "<group>";
		};
		22A8E512289D1EB200E67E91 /* Core */ = {
			isa = PBXGroup;
			children = (
				222DD4FF283A4E7A0035C108 /* HomeViewController.swift */,
				222DD4FD283A4E7A0035C108 /* FavouriteViewController.swift */,
				222DD50B283A55A40035C108 /* TabBarViewController.swift */,
				222DD500283A4E7A0035C108 /* SearchViewController.swift */,
				227BC16228699B5300EE5948 /* MenuViewController.swift */,
			);
			path = Core;
			sourceTree = "<group>";
		};
		22A8E513289D1EC500E67E91 /* General */ = {
			isa = PBXGroup;
			children = (
				22A8E514289D1F0000E67E91 /* InfoViewController.swift */,
			);
			path = General;
			sourceTree = "<group>";
		};
		9E6ADC17B69BCE2CF6C307E2 /* Frameworks */ = {
			isa = PBXGroup;
			children = (
				C02D5FEED019E983276FE75D /* Pods_myStore.framework */,
			);
			name = Frameworks;
			sourceTree = "<group>";
		};
		EB008E930DF91EF015352F01 /* Pods */ = {
			isa = PBXGroup;
			children = (
				6A67BFC9578DFFFAC169B9B7 /* Pods-myStore.debug.xcconfig */,
				CDE7B2D538C2514F1F60C77D /* Pods-myStore.release.xcconfig */,
			);
			path = Pods;
			sourceTree = "<group>";
		};
/* End PBXGroup section */

/* Begin PBXNativeTarget section */
		222DD4E4283A4DA90035C108 /* myStore */ = {
			isa = PBXNativeTarget;
			buildConfigurationList = 222DD4F9283A4DAA0035C108 /* Build configuration list for PBXNativeTarget "myStore" */;
			buildPhases = (
				E34E1378E33B05868ACCCCF2 /* [CP] Check Pods Manifest.lock */,
				222DD4E1283A4DA90035C108 /* Sources */,
				222DD4E2283A4DA90035C108 /* Frameworks */,
				222DD4E3283A4DA90035C108 /* Resources */,
				75A79F52C4D600486CA6710D /* [CP] Embed Pods Frameworks */,
			);
			buildRules = (
			);
			dependencies = (
			);
			name = myStore;
			productName = myStore;
			productReference = 222DD4E5283A4DA90035C108 /* myStore.app */;
			productType = "com.apple.product-type.application";
		};
/* End PBXNativeTarget section */

/* Begin PBXProject section */
		222DD4DD283A4DA90035C108 /* Project object */ = {
			isa = PBXProject;
			attributes = {
				BuildIndependentTargetsInParallel = 1;
				LastSwiftUpdateCheck = 1330;
				LastUpgradeCheck = 1330;
				TargetAttributes = {
					222DD4E4283A4DA90035C108 = {
						CreatedOnToolsVersion = 13.3.1;
					};
				};
			};
			buildConfigurationList = 222DD4E0283A4DA90035C108 /* Build configuration list for PBXProject "myStore" */;
			compatibilityVersion = "Xcode 13.0";
			developmentRegion = en;
			hasScannedForEncodings = 0;
			knownRegions = (
				en,
				Base,
			);
			mainGroup = 222DD4DC283A4DA90035C108;
			productRefGroup = 222DD4E6283A4DA90035C108 /* Products */;
			projectDirPath = "";
			projectRoot = "";
			targets = (
				222DD4E4283A4DA90035C108 /* myStore */,
			);
		};
/* End PBXProject section */

/* Begin PBXResourcesBuildPhase section */
		222DD4E3283A4DA90035C108 /* Resources */ = {
			isa = PBXResourcesBuildPhase;
			buildActionMask = 2147483647;
			files = (
				222DD4F2283A4DAA0035C108 /* Assets.xcassets in Resources */,
			);
			runOnlyForDeploymentPostprocessing = 0;
		};
/* End PBXResourcesBuildPhase section */

/* Begin PBXShellScriptBuildPhase section */
		75A79F52C4D600486CA6710D /* [CP] Embed Pods Frameworks */ = {
			isa = PBXShellScriptBuildPhase;
			buildActionMask = 2147483647;
			files = (
			);
			inputFileListPaths = (
				"${PODS_ROOT}/Target Support Files/Pods-myStore/Pods-myStore-frameworks-${CONFIGURATION}-input-files.xcfilelist",
			);
			name = "[CP] Embed Pods Frameworks";
			outputFileListPaths = (
				"${PODS_ROOT}/Target Support Files/Pods-myStore/Pods-myStore-frameworks-${CONFIGURATION}-output-files.xcfilelist",
			);
			runOnlyForDeploymentPostprocessing = 0;
			shellPath = /bin/sh;
			shellScript = "\"${PODS_ROOT}/Target Support Files/Pods-myStore/Pods-myStore-frameworks.sh\"\n";
			showEnvVarsInLog = 0;
		};
		E34E1378E33B05868ACCCCF2 /* [CP] Check Pods Manifest.lock */ = {
			isa = PBXShellScriptBuildPhase;
			buildActionMask = 2147483647;
			files = (
			);
			inputFileListPaths = (
			);
			inputPaths = (
				"${PODS_PODFILE_DIR_PATH}/Podfile.lock",
				"${PODS_ROOT}/Manifest.lock",
			);
			name = "[CP] Check Pods Manifest.lock";
			outputFileListPaths = (
			);
			outputPaths = (
				"$(DERIVED_FILE_DIR)/Pods-myStore-checkManifestLockResult.txt",
			);
			runOnlyForDeploymentPostprocessing = 0;
			shellPath = /bin/sh;
			shellScript = "diff \"${PODS_PODFILE_DIR_PATH}/Podfile.lock\" \"${PODS_ROOT}/Manifest.lock\" > /dev/null\nif [ $? != 0 ] ; then\n    # print error to STDERR\n    echo \"error: The sandbox is not in sync with the Podfile.lock. Run 'pod install' or update your CocoaPods installation.\" >&2\n    exit 1\nfi\n# This output is used by Xcode 'outputs' to avoid re-running this script phase.\necho \"SUCCESS\" > \"${SCRIPT_OUTPUT_FILE_0}\"\n";
			showEnvVarsInLog = 0;
		};
/* End PBXShellScriptBuildPhase section */

/* Begin PBXSourcesBuildPhase section */
		222DD4E1283A4DA90035C108 /* Sources */ = {
			isa = PBXSourcesBuildPhase;
			buildActionMask = 2147483647;
			files = (
				224E9E3028509E5300C22DD5 /* CollectionViewTableViewCell.swift in Sources */,
				222DD50C283A55A40035C108 /* TabBarViewController.swift in Sources */,
				222DD503283A4E7A0035C108 /* FavouriteViewController.swift in Sources */,
				222DD506283A4E7A0035C108 /* SearchViewController.swift in Sources */,
				22A8E515289D1F0100E67E91 /* InfoViewController.swift in Sources */,
				222DD4E9283A4DA90035C108 /* AppDelegate.swift in Sources */,
				222DD4EB283A4DA90035C108 /* SceneDelegate.swift in Sources */,
				22A8E510289D01B400E67E91 /* ImageCollectionViewCell.swift in Sources */,
				222DD505283A4E7A0035C108 /* HomeViewController.swift in Sources */,
				227BC16328699B5300EE5948 /* MenuViewController.swift in Sources */,
			);
			runOnlyForDeploymentPostprocessing = 0;
		};
/* End PBXSourcesBuildPhase section */

/* Begin XCBuildConfiguration section */
		222DD4F7283A4DAA0035C108 /* Debug */ = {
			isa = XCBuildConfiguration;
			buildSettings = {
				ALWAYS_SEARCH_USER_PATHS = NO;
				CLANG_ANALYZER_NONNULL = YES;
				CLANG_ANALYZER_NUMBER_OBJECT_CONVERSION = YES_AGGRESSIVE;
				CLANG_CXX_LANGUAGE_STANDARD = "gnu++17";
				CLANG_ENABLE_MODULES = YES;
				CLANG_ENABLE_OBJC_ARC = YES;
				CLANG_ENABLE_OBJC_WEAK = YES;
				CLANG_WARN_BLOCK_CAPTURE_AUTORELEASING = YES;
				CLANG_WARN_BOOL_CONVERSION = YES;
				CLANG_WARN_COMMA = YES;
				CLANG_WARN_CONSTANT_CONVERSION = YES;
				CLANG_WARN_DEPRECATED_OBJC_IMPLEMENTATIONS = YES;
				CLANG_WARN_DIRECT_OBJC_ISA_USAGE = YES_ERROR;
				CLANG_WARN_DOCUMENTATION_COMMENTS = YES;
				CLANG_WARN_EMPTY_BODY = YES;
				CLANG_WARN_ENUM_CONVERSION = YES;
				CLANG_WARN_INFINITE_RECURSION = YES;
				CLANG_WARN_INT_CONVERSION = YES;
				CLANG_WARN_NON_LITERAL_NULL_CONVERSION = YES;
				CLANG_WARN_OBJC_IMPLICIT_RETAIN_SELF = YES;
				CLANG_WARN_OBJC_LITERAL_CONVERSION = YES;
				CLANG_WARN_OBJC_ROOT_CLASS = YES_ERROR;
				CLANG_WARN_QUOTED_INCLUDE_IN_FRAMEWORK_HEADER = YES;
				CLANG_WARN_RANGE_LOOP_ANALYSIS = YES;
				CLANG_WARN_STRICT_PROTOTYPES = YES;
				CLANG_WARN_SUSPICIOUS_MOVE = YES;
				CLANG_WARN_UNGUARDED_AVAILABILITY = YES_AGGRESSIVE;
				CLANG_WARN_UNREACHABLE_CODE = YES;
				CLANG_WARN__DUPLICATE_METHOD_MATCH = YES;
				COPY_PHASE_STRIP = NO;
				DEBUG_INFORMATION_FORMAT = dwarf;
				ENABLE_STRICT_OBJC_MSGSEND = YES;
				ENABLE_TESTABILITY = YES;
				GCC_C_LANGUAGE_STANDARD = gnu11;
				GCC_DYNAMIC_NO_PIC = NO;
				GCC_NO_COMMON_BLOCKS = YES;
				GCC_OPTIMIZATION_LEVEL = 0;
				GCC_PREPROCESSOR_DEFINITIONS = (
					"DEBUG=1",
					"$(inherited)",
				);
				GCC_WARN_64_TO_32_BIT_CONVERSION = YES;
				GCC_WARN_ABOUT_RETURN_TYPE = YES_ERROR;
				GCC_WARN_UNDECLARED_SELECTOR = YES;
				GCC_WARN_UNINITIALIZED_AUTOS = YES_AGGRESSIVE;
				GCC_WARN_UNUSED_FUNCTION = YES;
				GCC_WARN_UNUSED_VARIABLE = YES;
				IPHONEOS_DEPLOYMENT_TARGET = 15.4;
				MTL_ENABLE_DEBUG_INFO = INCLUDE_SOURCE;
				MTL_FAST_MATH = YES;
				ONLY_ACTIVE_ARCH = YES;
				SDKROOT = iphoneos;
				SWIFT_ACTIVE_COMPILATION_CONDITIONS = DEBUG;
				SWIFT_OPTIMIZATION_LEVEL = "-Onone";
			};
			name = Debug;
		};
		222DD4F8283A4DAA0035C108 /* Release */ = {
			isa = XCBuildConfiguration;
			buildSettings = {
				ALWAYS_SEARCH_USER_PATHS = NO;
				CLANG_ANALYZER_NONNULL = YES;
				CLANG_ANALYZER_NUMBER_OBJECT_CONVERSION = YES_AGGRESSIVE;
				CLANG_CXX_LANGUAGE_STANDARD = "gnu++17";
				CLANG_ENABLE_MODULES = YES;
				CLANG_ENABLE_OBJC_ARC = YES;
				CLANG_ENABLE_OBJC_WEAK = YES;
				CLANG_WARN_BLOCK_CAPTURE_AUTORELEASING = YES;
				CLANG_WARN_BOOL_CONVERSION = YES;
				CLANG_WARN_COMMA = YES;
				CLANG_WARN_CONSTANT_CONVERSION = YES;
				CLANG_WARN_DEPRECATED_OBJC_IMPLEMENTATIONS = YES;
				CLANG_WARN_DIRECT_OBJC_ISA_USAGE = YES_ERROR;
				CLANG_WARN_DOCUMENTATION_COMMENTS = YES;
				CLANG_WARN_EMPTY_BODY = YES;
				CLANG_WARN_ENUM_CONVERSION = YES;
				CLANG_WARN_INFINITE_RECURSION = YES;
				CLANG_WARN_INT_CONVERSION = YES;
				CLANG_WARN_NON_LITERAL_NULL_CONVERSION = YES;
				CLANG_WARN_OBJC_IMPLICIT_RETAIN_SELF = YES;
				CLANG_WARN_OBJC_LITERAL_CONVERSION = YES;
				CLANG_WARN_OBJC_ROOT_CLASS = YES_ERROR;
				CLANG_WARN_QUOTED_INCLUDE_IN_FRAMEWORK_HEADER = YES;
				CLANG_WARN_RANGE_LOOP_ANALYSIS = YES;
				CLANG_WARN_STRICT_PROTOTYPES = YES;
				CLANG_WARN_SUSPICIOUS_MOVE = YES;
				CLANG_WARN_UNGUARDED_AVAILABILITY = YES_AGGRESSIVE;
				CLANG_WARN_UNREACHABLE_CODE = YES;
				CLANG_WARN__DUPLICATE_METHOD_MATCH = YES;
				COPY_PHASE_STRIP = NO;
				DEBUG_INFORMATION_FORMAT = "dwarf-with-dsym";
				ENABLE_NS_ASSERTIONS = NO;
				ENABLE_STRICT_OBJC_MSGSEND = YES;
				GCC_C_LANGUAGE_STANDARD = gnu11;
				GCC_NO_COMMON_BLOCKS = YES;
				GCC_WARN_64_TO_32_BIT_CONVERSION = YES;
				GCC_WARN_ABOUT_RETURN_TYPE = YES_ERROR;
				GCC_WARN_UNDECLARED_SELECTOR = YES;
				GCC_WARN_UNINITIALIZED_AUTOS = YES_AGGRESSIVE;
				GCC_WARN_UNUSED_FUNCTION = YES;
				GCC_WARN_UNUSED_VARIABLE = YES;
				IPHONEOS_DEPLOYMENT_TARGET = 15.4;
				MTL_ENABLE_DEBUG_INFO = NO;
				MTL_FAST_MATH = YES;
				SDKROOT = iphoneos;
				SWIFT_COMPILATION_MODE = wholemodule;
				SWIFT_OPTIMIZATION_LEVEL = "-O";
				VALIDATE_PRODUCT = YES;
			};
			name = Release;
		};
		222DD4FA283A4DAA0035C108 /* Debug */ = {
			isa = XCBuildConfiguration;
			baseConfigurationReference = 6A67BFC9578DFFFAC169B9B7 /* Pods-myStore.debug.xcconfig */;
			buildSettings = {
				ASSETCATALOG_COMPILER_APPICON_NAME = AppIcon;
				ASSETCATALOG_COMPILER_GLOBAL_ACCENT_COLOR_NAME = AccentColor;
				CODE_SIGN_STYLE = Automatic;
				CURRENT_PROJECT_VERSION = 1;
				GENERATE_INFOPLIST_FILE = YES;
				INFOPLIST_FILE = myStore/Info.plist;
				INFOPLIST_KEY_UIApplicationSupportsIndirectInputEvents = YES;
				INFOPLIST_KEY_UILaunchStoryboardName = LaunchScreen;
				INFOPLIST_KEY_UISupportedInterfaceOrientations_iPad = "UIInterfaceOrientationPortrait UIInterfaceOrientationPortraitUpsideDown UIInterfaceOrientationLandscapeLeft UIInterfaceOrientationLandscapeRight";
				INFOPLIST_KEY_UISupportedInterfaceOrientations_iPhone = "UIInterfaceOrientationPortrait UIInterfaceOrientationLandscapeLeft UIInterfaceOrientationLandscapeRight";
				LD_RUNPATH_SEARCH_PATHS = (
					"$(inherited)",
					"@executable_path/Frameworks",
				);
				MARKETING_VERSION = 1.0;
				PRODUCT_BUNDLE_IDENTIFIER = khasanov.myStore;
				PRODUCT_NAME = "$(TARGET_NAME)";
				SWIFT_EMIT_LOC_STRINGS = YES;
				SWIFT_VERSION = 5.0;
				TARGETED_DEVICE_FAMILY = "1,2";
			};
			name = Debug;
		};
		222DD4FB283A4DAA0035C108 /* Release */ = {
			isa = XCBuildConfiguration;
			baseConfigurationReference = CDE7B2D538C2514F1F60C77D /* Pods-myStore.release.xcconfig */;
			buildSettings = {
				ASSETCATALOG_COMPILER_APPICON_NAME = AppIcon;
				ASSETCATALOG_COMPILER_GLOBAL_ACCENT_COLOR_NAME = AccentColor;
				CODE_SIGN_STYLE = Automatic;
				CURRENT_PROJECT_VERSION = 1;
				GENERATE_INFOPLIST_FILE = YES;
				INFOPLIST_FILE = myStore/Info.plist;
				INFOPLIST_KEY_UIApplicationSupportsIndirectInputEvents = YES;
				INFOPLIST_KEY_UILaunchStoryboardName = LaunchScreen;
				INFOPLIST_KEY_UISupportedInterfaceOrientations_iPad = "UIInterfaceOrientationPortrait UIInterfaceOrientationPortraitUpsideDown UIInterfaceOrientationLandscapeLeft UIInterfaceOrientationLandscapeRight";
				INFOPLIST_KEY_UISupportedInterfaceOrientations_iPhone = "UIInterfaceOrientationPortrait UIInterfaceOrientationLandscapeLeft UIInterfaceOrientationLandscapeRight";
				LD_RUNPATH_SEARCH_PATHS = (
					"$(inherited)",
					"@executable_path/Frameworks",
				);
				MARKETING_VERSION = 1.0;
				PRODUCT_BUNDLE_IDENTIFIER = khasanov.myStore;
				PRODUCT_NAME = "$(TARGET_NAME)";
				SWIFT_EMIT_LOC_STRINGS = YES;
				SWIFT_VERSION = 5.0;
				TARGETED_DEVICE_FAMILY = "1,2";
			};
			name = Release;
		};
/* End XCBuildConfiguration section */

/* Begin XCConfigurationList section */
		222DD4E0283A4DA90035C108 /* Build configuration list for PBXProject "myStore" */ = {
			isa = XCConfigurationList;
			buildConfigurations = (
				222DD4F7283A4DAA0035C108 /* Debug */,
				222DD4F8283A4DAA0035C108 /* Release */,
			);
			defaultConfigurationIsVisible = 0;
			defaultConfigurationName = Release;
		};
		222DD4F9283A4DAA0035C108 /* Build configuration list for PBXNativeTarget "myStore" */ = {
			isa = XCConfigurationList;
			buildConfigurations = (
				222DD4FA283A4DAA0035C108 /* Debug */,
				222DD4FB283A4DAA0035C108 /* Release */,
			);
			defaultConfigurationIsVisible = 0;
			defaultConfigurationName = Release;
		};
/* End XCConfigurationList section */
	};
	rootObject = 222DD4DD283A4DA90035C108 /* Project object */;
}
